
Microsoft Visual Studio Solution File, Format Version 12.00
# Visual Studio 2012
Project("{FAE04EC0-301F-11D3-BF4B-00C04F79EFBC}") = "Excella.TempConv", "Excella.TempConv\Excella.TempConv.csproj", "{B30EAAC1-0AA0-4AB1-A474-39B2ED47D2C0}"
EndProject
Project("{FAE04EC0-301F-11D3-BF4B-00C04F79EFBC}") = "Tests.Unit.Excella.TempConv", "Tests.Unit.Excella.TempConv\Tests.Unit.Excella.TempConv.csproj", "{70080AD8-5981-4B49-B70A-FD9F2BCB84A2}"
EndProject
Global
	GlobalSection(SolutionConfigurationPlatforms) = preSolution
		Debug|Any CPU = Debug|Any CPU
		Release|Any CPU = Release|Any CPU
	EndGlobalSection
	GlobalSection(ProjectConfigurationPlatforms) = postSolution
		{B30EAAC1-0AA0-4AB1-A474-39B2ED47D2C0}.Debug|Any CPU.ActiveCfg = Debug|Any CPU
		{B30EAAC1-0AA0-4AB1-A474-39B2ED47D2C0}.Debug|Any CPU.Build.0 = Debug|Any CPU
		{B30EAAC1-0AA0-4AB1-A474-39B2ED47D2C0}.Release|Any CPU.ActiveCfg = Release|Any CPU
		{B30EAAC1-0AA0-4AB1-A474-39B2ED47D2C0}.Release|Any CPU.Build.0 = Release|Any CPU
		{70080AD8-5981-4B49-B70A-FD9F2BCB84A2}.Debug|Any CPU.ActiveCfg = Debug|Any CPU
		{70080AD8-5981-4B49-B70A-FD9F2BCB84A2}.Debug|Any CPU.Build.0 = Debug|Any CPU
		{70080AD8-5981-4B49-B70A-FD9F2BCB84A2}.Release|Any CPU.ActiveCfg = Release|Any CPU
		{70080AD8-5981-4B49-B70A-FD9F2BCB84A2}.Release|Any CPU.Build.0 = Release|Any CPU
	EndGlobalSection
	GlobalSection(SolutionProperties) = preSolution
		HideSolutionNode = FALSE
	EndGlobalSection
EndGlobal
